
Microsoft Visual Studio Solution File, Format Version 12.00
# Visual Studio Version 17
VisualStudioVersion = 17.4.32804.182
MinimumVisualStudioVersion = 10.0.40219.1
Project("{FAE04EC0-301F-11D3-BF4B-00C04F79EFBC}") = "BookStore", "BookStore\BookStore.csproj", "{67609CAB-3403-4779-92F1-E95A0B936328}"
EndProject
Global
	GlobalSection(SolutionConfigurationPlatforms) = preSolution
		Debug|Any CPU = Debug|Any CPU
		Release|Any CPU = Release|Any CPU
	EndGlobalSection
	GlobalSection(ProjectConfigurationPlatforms) = postSolution
		{67609CAB-3403-4779-92F1-E95A0B936328}.Debug|Any CPU.ActiveCfg = Debug|Any CPU
		{67609CAB-3403-4779-92F1-E95A0B936328}.Debug|Any CPU.Build.0 = Debug|Any CPU
		{67609CAB-3403-4779-92F1-E95A0B936328}.Release|Any CPU.ActiveCfg = Release|Any CPU
		{67609CAB-3403-4779-92F1-E95A0B936328}.Release|Any CPU.Build.0 = Release|Any CPU
	EndGlobalSection
	GlobalSection(SolutionProperties) = preSolution
		HideSolutionNode = FALSE
	EndGlobalSection
	GlobalSection(ExtensibilityGlobals) = postSolution
		SolutionGuid = {A35F06BE-DCC0-4A8E-9BEB-B603F778D3F6}
	EndGlobalSection
EndGlobal
